
Microsoft Visual Studio Solution File, Format Version 12.00
# Visual Studio Version 17
VisualStudioVersion = 17.11.35327.3
MinimumVisualStudioVersion = 10.0.40219.1
Project("{FAE04EC0-301F-11D3-BF4B-00C04F79EFBC}") = "pr18_elik", "pr18_elik\pr18_elik.csproj", "{C3D106E0-5C18-4196-86AA-0413EEAE0000}"
EndProject
Global
	GlobalSection(SolutionConfigurationPlatforms) = preSolution
		Debug|Any CPU = Debug|Any CPU
		Release|Any CPU = Release|Any CPU
	EndGlobalSection
	GlobalSection(ProjectConfigurationPlatforms) = postSolution
		{C3D106E0-5C18-4196-86AA-0413EEAE0000}.Debug|Any CPU.ActiveCfg = Debug|Any CPU
		{C3D106E0-5C18-4196-86AA-0413EEAE0000}.Debug|Any CPU.Build.0 = Debug|Any CPU
		{C3D106E0-5C18-4196-86AA-0413EEAE0000}.Release|Any CPU.ActiveCfg = Release|Any CPU
		{C3D106E0-5C18-4196-86AA-0413EEAE0000}.Release|Any CPU.Build.0 = Release|Any CPU
	EndGlobalSection
	GlobalSection(SolutionProperties) = preSolution
		HideSolutionNode = FALSE
	EndGlobalSection
	GlobalSection(ExtensibilityGlobals) = postSolution
		SolutionGuid = {183287B1-36CB-47C7-AA66-EE1804660C4B}
	EndGlobalSection
EndGlobal
